
Microsoft Visual Studio Solution File, Format Version 12.00
# Visual Studio Version 17
VisualStudioVersion = 17.11.35312.102
MinimumVisualStudioVersion = 10.0.40219.1
Project("{9A19103F-16F7-4668-BE54-9A1E7A4F7556}") = "MQTTSourceAPI", "MQTTSourceAPI\MQTTSourceAPI.csproj", "{099AC3D6-828E-45A2-8B7E-D81226009B69}"
EndProject
Project("{9A19103F-16F7-4668-BE54-9A1E7A4F7556}") = "AccessToken", "AccessToken\AccessToken.csproj", "{46A6725F-9BAF-4CAC-8302-55D54364AF64}"
EndProject
Project("{9A19103F-16F7-4668-BE54-9A1E7A4F7556}") = "AccessAuth", "AccessAuth\AccessAuth.csproj", "{A7754F1B-0415-4449-8D33-7AC9F2796A09}"
EndProject
Global
	GlobalSection(SolutionConfigurationPlatforms) = preSolution
		Debug|Any CPU = Debug|Any CPU
		Release|Any CPU = Release|Any CPU
	EndGlobalSection
	GlobalSection(ProjectConfigurationPlatforms) = postSolution
		{099AC3D6-828E-45A2-8B7E-D81226009B69}.Debug|Any CPU.ActiveCfg = Debug|Any CPU
		{099AC3D6-828E-45A2-8B7E-D81226009B69}.Debug|Any CPU.Build.0 = Debug|Any CPU
		{099AC3D6-828E-45A2-8B7E-D81226009B69}.Release|Any CPU.ActiveCfg = Release|Any CPU
		{099AC3D6-828E-45A2-8B7E-D81226009B69}.Release|Any CPU.Build.0 = Release|Any CPU
		{46A6725F-9BAF-4CAC-8302-55D54364AF64}.Debug|Any CPU.ActiveCfg = Debug|Any CPU
		{46A6725F-9BAF-4CAC-8302-55D54364AF64}.Debug|Any CPU.Build.0 = Debug|Any CPU
		{46A6725F-9BAF-4CAC-8302-55D54364AF64}.Release|Any CPU.ActiveCfg = Release|Any CPU
		{46A6725F-9BAF-4CAC-8302-55D54364AF64}.Release|Any CPU.Build.0 = Release|Any CPU
		{A7754F1B-0415-4449-8D33-7AC9F2796A09}.Debug|Any CPU.ActiveCfg = Debug|Any CPU
		{A7754F1B-0415-4449-8D33-7AC9F2796A09}.Debug|Any CPU.Build.0 = Debug|Any CPU
		{A7754F1B-0415-4449-8D33-7AC9F2796A09}.Release|Any CPU.ActiveCfg = Release|Any CPU
		{A7754F1B-0415-4449-8D33-7AC9F2796A09}.Release|Any CPU.Build.0 = Release|Any CPU
	EndGlobalSection
	GlobalSection(SolutionProperties) = preSolution
		HideSolutionNode = FALSE
	EndGlobalSection
	GlobalSection(ExtensibilityGlobals) = postSolution
		SolutionGuid = {D7D9EDBB-03C6-4FFF-8969-E6710A90FF8C}
	EndGlobalSection
EndGlobal
